{
    "name": "phaser-starter",
    "version": "0.0.1",
    "lockfileVersion": 2,
    "requires": true,
    "packages": {
        "": {
            "name": "phaser-starter",
            "version": "0.0.1",
            "license": "MIT",
            "devDependencies": {
                "@crgeary/configuration-prettier": "^1.0.3",
                "prettier": "^2.2.1"
            }
        },
        "node_modules/@crgeary/configuration-prettier": {
            "version": "1.0.3",
            "resolved": "https://registry.npmjs.org/@crgeary/configuration-prettier/-/configuration-prettier-1.0.3.tgz",
            "integrity": "sha512-7VXBW7jO+7QiF7hTrqMoRKg4gzsQmx17ijH+Xws0OISzF9XQA71sIOLx431XFOByPuARKY5BnKeXe9WASBYJrw==",
            "dev": true
        },
        "node_modules/prettier": {
            "version": "2.2.1",
            "resolved": "https://registry.npmjs.org/prettier/-/prettier-2.2.1.tgz",
            "integrity": "sha512-PqyhM2yCjg/oKkFPtTGUojv7gnZAoG80ttl45O6x2Ug/rMJw4wcc9k6aaf2hibP7BGVCCM33gZoGjyvt9mm16Q==",
            "dev": true,
            "bin": {
                "prettier": "bin-prettier.js"
            },
            "engines": {
                "node": ">=10.13.0"
            }
        }
    },
    "dependencies": {
        "@crgeary/configuration-prettier": {
            "version": "1.0.3",
            "resolved": "https://registry.npmjs.org/@crgeary/configuration-prettier/-/configuration-prettier-1.0.3.tgz",
            "integrity": "sha512-7VXBW7jO+7QiF7hTrqMoRKg4gzsQmx17ijH+Xws0OISzF9XQA71sIOLx431XFOByPuARKY5BnKeXe9WASBYJrw==",
            "dev": true
        },
        "prettier": {
            "version": "2.2.1",
            "resolved": "https://registry.npmjs.org/prettier/-/prettier-2.2.1.tgz",
            "integrity": "sha512-PqyhM2yCjg/oKkFPtTGUojv7gnZAoG80ttl45O6x2Ug/rMJw4wcc9k6aaf2hibP7BGVCCM33gZoGjyvt9mm16Q==",
            "dev": true
        }
    }
}
